
Microsoft Visual Studio Solution File, Format Version 12.00
# Visual Studio Version 17
VisualStudioVersion = 17.13.35818.85
MinimumVisualStudioVersion = 10.0.40219.1
Project("{E24C65DC-7377-472B-9ABA-BC803B73C61A}") = "Synthex-BusSystems", ".", "{B3C1C9C5-FCDD-4D1E-B20E-24179672DCC6}"
	ProjectSection(WebsiteProperties) = preProject
		TargetFrameworkMoniker = ".NETFramework,Version%3Dv4.8"
		Debug.AspNetCompiler.VirtualPath = "/localhost_64316"
		Debug.AspNetCompiler.PhysicalPath = "..\Synthex-BusSystems\"
		Debug.AspNetCompiler.TargetPath = "PrecompiledWeb\localhost_64316\"
		Debug.AspNetCompiler.Updateable = "true"
		Debug.AspNetCompiler.ForceOverwrite = "true"
		Debug.AspNetCompiler.FixedNames = "false"
		Debug.AspNetCompiler.Debug = "True"
		Release.AspNetCompiler.VirtualPath = "/localhost_64316"
		Release.AspNetCompiler.PhysicalPath = "..\Synthex-BusSystems\"
		Release.AspNetCompiler.TargetPath = "PrecompiledWeb\localhost_64316\"
		Release.AspNetCompiler.Updateable = "true"
		Release.AspNetCompiler.ForceOverwrite = "true"
		Release.AspNetCompiler.FixedNames = "false"
		Release.AspNetCompiler.Debug = "False"
		VWDPort = "64316"
		SlnRelativePath = "..\Synthex-BusSystems\"
	EndProjectSection
EndProject
Global
	GlobalSection(SolutionConfigurationPlatforms) = preSolution
		Debug|Any CPU = Debug|Any CPU
		Release|Any CPU = Release|Any CPU
	EndGlobalSection
	GlobalSection(ProjectConfigurationPlatforms) = postSolution
		{B3C1C9C5-FCDD-4D1E-B20E-24179672DCC6}.Debug|Any CPU.ActiveCfg = Debug|Any CPU
		{B3C1C9C5-FCDD-4D1E-B20E-24179672DCC6}.Debug|Any CPU.Build.0 = Debug|Any CPU
		{B3C1C9C5-FCDD-4D1E-B20E-24179672DCC6}.Release|Any CPU.ActiveCfg = Debug|Any CPU
		{B3C1C9C5-FCDD-4D1E-B20E-24179672DCC6}.Release|Any CPU.Build.0 = Debug|Any CPU
	EndGlobalSection
	GlobalSection(SolutionProperties) = preSolution
		HideSolutionNode = FALSE
	EndGlobalSection
	GlobalSection(ExtensibilityGlobals) = postSolution
		SolutionGuid = {0F010DEF-6984-429A-94D9-E1C013DD6BF2}
	EndGlobalSection
EndGlobal
